
Microsoft Visual Studio Solution File, Format Version 12.00
# Visual Studio 15
VisualStudioVersion = 15.0.28010.2036
MinimumVisualStudioVersion = 10.0.40219.1
Project("{FAE04EC0-301F-11D3-BF4B-00C04F79EFBC}") = "Retrobit.Games", "Retrobit.Games.csproj", "{985C85CA-7B0F-46D3-AC87-B686953630E4}"
EndProject
Global
	GlobalSection(SolutionConfigurationPlatforms) = preSolution
		Debug|Any CPU = Debug|Any CPU
		Release|Any CPU = Release|Any CPU
	EndGlobalSection
	GlobalSection(ProjectConfigurationPlatforms) = postSolution
		{985C85CA-7B0F-46D3-AC87-B686953630E4}.Debug|Any CPU.ActiveCfg = Debug|Any CPU
		{985C85CA-7B0F-46D3-AC87-B686953630E4}.Debug|Any CPU.Build.0 = Debug|Any CPU
		{985C85CA-7B0F-46D3-AC87-B686953630E4}.Release|Any CPU.ActiveCfg = Release|Any CPU
		{985C85CA-7B0F-46D3-AC87-B686953630E4}.Release|Any CPU.Build.0 = Release|Any CPU
	EndGlobalSection
	GlobalSection(SolutionProperties) = preSolution
		HideSolutionNode = FALSE
	EndGlobalSection
	GlobalSection(ExtensibilityGlobals) = postSolution
		SolutionGuid = {26F727B5-91AF-4A30-9334-4BDE8031F9E2}
	EndGlobalSection
EndGlobal
